PODS:
  - YCBExtention (0.1.0):
    - YCBExtention/UIColor (= 0.1.0)
  - YCBExtention/UIColor (0.1.0)

DEPENDENCIES:
  - YCBExtention (from `../`)

EXTERNAL SOURCES:
  YCBExtention:
    :path: "../"

SPEC CHECKSUMS:
  YCBExtention: 97dd2d3fc7df563312b443983846cc96ffc3af15

PODFILE CHECKSUM: 9d3f2333d4f63de9cbbfb9d69c26246210986bb7

COCOAPODS: 1.5.3
